
Microsoft Visual Studio Solution File, Format Version 12.00
# Visual Studio Version 17
VisualStudioVersion = 17.0.32112.339
MinimumVisualStudioVersion = 10.0.40219.1
Project("{FAE04EC0-301F-11D3-BF4B-00C04F79EFBC}") = "qckdev.AppDomainHelper", "qckdev.AppDomainHelper\qckdev.AppDomainHelper.csproj", "{9D2223FE-A81C-40F3-9E10-2B048166A8C7}"
EndProject
Project("{FAE04EC0-301F-11D3-BF4B-00C04F79EFBC}") = "qckdev.AppDomainHelper.Test", "qckdev.AppDomainHelper.Test\qckdev.AppDomainHelper.Test.csproj", "{6E1C019F-6B4B-4092-9058-AFD857A3AC3D}"
EndProject
Global
	GlobalSection(SolutionConfigurationPlatforms) = preSolution
		Debug|Any CPU = Debug|Any CPU
		Release|Any CPU = Release|Any CPU
	EndGlobalSection
	GlobalSection(ProjectConfigurationPlatforms) = postSolution
		{9D2223FE-A81C-40F3-9E10-2B048166A8C7}.Debug|Any CPU.ActiveCfg = Debug|Any CPU
		{9D2223FE-A81C-40F3-9E10-2B048166A8C7}.Debug|Any CPU.Build.0 = Debug|Any CPU
		{9D2223FE-A81C-40F3-9E10-2B048166A8C7}.Release|Any CPU.ActiveCfg = Release|Any CPU
		{9D2223FE-A81C-40F3-9E10-2B048166A8C7}.Release|Any CPU.Build.0 = Release|Any CPU
		{6E1C019F-6B4B-4092-9058-AFD857A3AC3D}.Debug|Any CPU.ActiveCfg = Debug|Any CPU
		{6E1C019F-6B4B-4092-9058-AFD857A3AC3D}.Debug|Any CPU.Build.0 = Debug|Any CPU
		{6E1C019F-6B4B-4092-9058-AFD857A3AC3D}.Release|Any CPU.ActiveCfg = Release|Any CPU
		{6E1C019F-6B4B-4092-9058-AFD857A3AC3D}.Release|Any CPU.Build.0 = Release|Any CPU
	EndGlobalSection
	GlobalSection(SolutionProperties) = preSolution
		HideSolutionNode = FALSE
	EndGlobalSection
	GlobalSection(ExtensibilityGlobals) = postSolution
		SolutionGuid = {E2D8588C-49F9-4F89-AE3C-C44A43BC7495}
	EndGlobalSection
EndGlobal
